// !$*UTF8*$!
{
	archiveVersion = 1;
	classes = {
	};
	objectVersion = 46;
	objects = {

/* Begin PBXBuildFile section */
		15466C661C47294700CDABA2 /* AppDelegate.swift in Sources */ = {isa = PBXBuildFile; fileRef = 15466C651C47294700CDABA2 /* AppDelegate.swift */; };
		15466C681C47294700CDABA2 /* MasterBreweryViewController.swift in Sources */ = {isa = PBXBuildFile; fileRef = 15466C671C47294700CDABA2 /* MasterBreweryViewController.swift */; };
		15466C6B1C47294700CDABA2 /* Main.storyboard in Resources */ = {isa = PBXBuildFile; fileRef = 15466C691C47294700CDABA2 /* Main.storyboard */; };
		15466C6D1C47294700CDABA2 /* Assets.xcassets in Resources */ = {isa = PBXBuildFile; fileRef = 15466C6C1C47294700CDABA2 /* Assets.xcassets */; };
		15466C701C47294700CDABA2 /* LaunchScreen.storyboard in Resources */ = {isa = PBXBuildFile; fileRef = 15466C6E1C47294700CDABA2 /* LaunchScreen.storyboard */; };
		15466C781C4732CA00CDABA2 /* DetailedBreweryViewController.swift in Sources */ = {isa = PBXBuildFile; fileRef = 15466C771C4732CA00CDABA2 /* DetailedBreweryViewController.swift */; };
		1567AE091C5D1F3500F27297 /* Bolts.framework in Frameworks */ = {isa = PBXBuildFile; fileRef = 1567AE061C5D1F3400F27297 /* Bolts.framework */; };
		1567AE0A1C5D1F3500F27297 /* Parse.framework in Frameworks */ = {isa = PBXBuildFile; fileRef = 1567AE071C5D1F3500F27297 /* Parse.framework */; };
		1567AE0B1C5D1F3500F27297 /* ParseUI.framework in Frameworks */ = {isa = PBXBuildFile; fileRef = 1567AE081C5D1F3500F27297 /* ParseUI.framework */; };
		1567AE0D1C5D1FB400F27297 /* AudioToolbox.framework in Frameworks */ = {isa = PBXBuildFile; fileRef = 1567AE0C1C5D1FB400F27297 /* AudioToolbox.framework */; };
		1567AE0F1C5D1FC200F27297 /* CFNetwork.framework in Frameworks */ = {isa = PBXBuildFile; fileRef = 1567AE0E1C5D1FC200F27297 /* CFNetwork.framework */; };
		1567AE111C5D1FE000F27297 /* CoreGraphics.framework in Frameworks */ = {isa = PBXBuildFile; fileRef = 1567AE101C5D1FE000F27297 /* CoreGraphics.framework */; };
		1567AE131C5D1FE800F27297 /* CoreLocation.framework in Frameworks */ = {isa = PBXBuildFile; fileRef = 1567AE121C5D1FE800F27297 /* CoreLocation.framework */; };
		1567AE151C5D1FF300F27297 /* QuartzCore.framework in Frameworks */ = {isa = PBXBuildFile; fileRef = 1567AE141C5D1FF300F27297 /* QuartzCore.framework */; };
		1567AE171C5D201200F27297 /* Security.framework in Frameworks */ = {isa = PBXBuildFile; fileRef = 1567AE161C5D201200F27297 /* Security.framework */; };
		1567AE191C5D201B00F27297 /* StoreKit.framework in Frameworks */ = {isa = PBXBuildFile; fileRef = 1567AE181C5D201B00F27297 /* StoreKit.framework */; };
		1567AE1B1C5D202A00F27297 /* SystemConfiguration.framework in Frameworks */ = {isa = PBXBuildFile; fileRef = 1567AE1A1C5D202A00F27297 /* SystemConfiguration.framework */; };
		1567AE1D1C5D203A00F27297 /* libz.tbd in Frameworks */ = {isa = PBXBuildFile; fileRef = 1567AE1C1C5D203A00F27297 /* libz.tbd */; };
		1567AE1F1C5D204D00F27297 /* libsqlite3.tbd in Frameworks */ = {isa = PBXBuildFile; fileRef = 1567AE1E1C5D204D00F27297 /* libsqlite3.tbd */; };
		1567AE211C5D2BD600F27297 /* TableViewController.swift in Sources */ = {isa = PBXBuildFile; fileRef = 1567AE201C5D2BD600F27297 /* TableViewController.swift */; };
		1567AE231C5D2C2B00F27297 /* AddBeerViewController.swift in Sources */ = {isa = PBXBuildFile; fileRef = 1567AE221C5D2C2B00F27297 /* AddBeerViewController.swift */; };
		1567AE251C5D2C4900F27297 /* BeerDetailViewController.swift in Sources */ = {isa = PBXBuildFile; fileRef = 1567AE241C5D2C4900F27297 /* BeerDetailViewController.swift */; };
		1596A2421C505A800028DBA4 /* brewery.swift in Sources */ = {isa = PBXBuildFile; fileRef = 1596A2411C505A800028DBA4 /* brewery.swift */; };
		1596A2441C505B130028DBA4 /* breweryList.swift in Sources */ = {isa = PBXBuildFile; fileRef = 1596A2431C505B130028DBA4 /* breweryList.swift */; };
/* End PBXBuildFile section */

/* Begin PBXFileReference section */
		15466C621C47294700CDABA2 /* Beer Club.app */ = {isa = PBXFileReference; explicitFileType = wrapper.application; includeInIndex = 0; path = "Beer Club.app"; sourceTree = BUILT_PRODUCTS_DIR; };
		15466C651C47294700CDABA2 /* AppDelegate.swift */ = {isa = PBXFileReference; lastKnownFileType = sourcecode.swift; path = AppDelegate.swift; sourceTree = "<group>"; };
		15466C671C47294700CDABA2 /* MasterBreweryViewController.swift */ = {isa = PBXFileReference; lastKnownFileType = sourcecode.swift; path = MasterBreweryViewController.swift; sourceTree = "<group>"; };
		15466C6A1C47294700CDABA2 /* Base */ = {isa = PBXFileReference; lastKnownFileType = file.storyboard; name = Base; path = Base.lproj/Main.storyboard; sourceTree = "<group>"; };
		15466C6C1C47294700CDABA2 /* Assets.xcassets */ = {isa = PBXFileReference; lastKnownFileType = folder.assetcatalog; path = Assets.xcassets; sourceTree = "<group>"; };
		15466C6F1C47294700CDABA2 /* Base */ = {isa = PBXFileReference; lastKnownFileType = file.storyboard; name = Base; path = Base.lproj/LaunchScreen.storyboard; sourceTree = "<group>"; };
		15466C711C47294700CDABA2 /* Info.plist */ = {isa = PBXFileReference; lastKnownFileType = text.plist.xml; path = Info.plist; sourceTree = "<group>"; };
		15466C771C4732CA00CDABA2 /* DetailedBreweryViewController.swift */ = {isa = PBXFileReference; fileEncoding = 4; lastKnownFileType = sourcecode.swift; path = DetailedBreweryViewController.swift; sourceTree = "<group>"; };
		1567AE061C5D1F3400F27297 /* Bolts.framework */ = {isa = PBXFileReference; lastKnownFileType = wrapper.framework; name = Bolts.framework; path = "parse-library-1.12.0/Bolts.framework"; sourceTree = "<group>"; };
		1567AE071C5D1F3500F27297 /* Parse.framework */ = {isa = PBXFileReference; lastKnownFileType = wrapper.framework; name = Parse.framework; path = "parse-library-1.12.0/Parse.framework"; sourceTree = "<group>"; };
		1567AE081C5D1F3500F27297 /* ParseUI.framework */ = {isa = PBXFileReference; lastKnownFileType = wrapper.framework; name = ParseUI.framework; path = "parse-library-1.12.0/ParseUI.framework"; sourceTree = "<group>"; };
		1567AE0C1C5D1FB400F27297 /* AudioToolbox.framework */ = {isa = PBXFileReference; lastKnownFileType = wrapper.framework; name = AudioToolbox.framework; path = System/Library/Frameworks/AudioToolbox.framework; sourceTree = SDKROOT; };
		1567AE0E1C5D1FC200F27297 /* CFNetwork.framework */ = {isa = PBXFileReference; lastKnownFileType = wrapper.framework; name = CFNetwork.framework; path = System/Library/Frameworks/CFNetwork.framework; sourceTree = SDKROOT; };
		1567AE101C5D1FE000F27297 /* CoreGraphics.framework */ = {isa = PBXFileReference; lastKnownFileType = wrapper.framework; name = CoreGraphics.framework; path = System/Library/Frameworks/CoreGraphics.framework; sourceTree = SDKROOT; };
		1567AE121C5D1FE800F27297 /* CoreLocation.framework */ = {isa = PBXFileReference; lastKnownFileType = wrapper.framework; name = CoreLocation.framework; path = System/Library/Frameworks/CoreLocation.framework; sourceTree = SDKROOT; };
		1567AE141C5D1FF300F27297 /* QuartzCore.framework */ = {isa = PBXFileReference; lastKnownFileType = wrapper.framework; name = QuartzCore.framework; path = System/Library/Frameworks/QuartzCore.framework; sourceTree = SDKROOT; };
		1567AE161C5D201200F27297 /* Security.framework */ = {isa = PBXFileReference; lastKnownFileType = wrapper.framework; name = Security.framework; path = System/Library/Frameworks/Security.framework; sourceTree = SDKROOT; };
		1567AE181C5D201B00F27297 /* StoreKit.framework */ = {isa = PBXFileReference; lastKnownFileType = wrapper.framework; name = StoreKit.framework; path = System/Library/Frameworks/StoreKit.framework; sourceTree = SDKROOT; };
		1567AE1A1C5D202A00F27297 /* SystemConfiguration.framework */ = {isa = PBXFileReference; lastKnownFileType = wrapper.framework; name = SystemConfiguration.framework; path = System/Library/Frameworks/SystemConfiguration.framework; sourceTree = SDKROOT; };
		1567AE1C1C5D203A00F27297 /* libz.tbd */ = {isa = PBXFileReference; lastKnownFileType = "sourcecode.text-based-dylib-definition"; name = libz.tbd; path = usr/lib/libz.tbd; sourceTree = SDKROOT; };
		1567AE1E1C5D204D00F27297 /* libsqlite3.tbd */ = {isa = PBXFileReference; lastKnownFileType = "sourcecode.text-based-dylib-definition"; name = libsqlite3.tbd; path = usr/lib/libsqlite3.tbd; sourceTree = SDKROOT; };
		1567AE201C5D2BD600F27297 /* TableViewController.swift */ = {isa = PBXFileReference; fileEncoding = 4; lastKnownFileType = sourcecode.swift; path = TableViewController.swift; sourceTree = "<group>"; };
		1567AE221C5D2C2B00F27297 /* AddBeerViewController.swift */ = {isa = PBXFileReference; fileEncoding = 4; lastKnownFileType = sourcecode.swift; path = AddBeerViewController.swift; sourceTree = "<group>"; };
		1567AE241C5D2C4900F27297 /* BeerDetailViewController.swift */ = {isa = PBXFileReference; fileEncoding = 4; lastKnownFileType = sourcecode.swift; path = BeerDetailViewController.swift; sourceTree = "<group>"; };
		1596A2411C505A800028DBA4 /* brewery.swift */ = {isa = PBXFileReference; fileEncoding = 4; lastKnownFileType = sourcecode.swift; path = brewery.swift; sourceTree = "<group>"; };
		1596A2431C505B130028DBA4 /* breweryList.swift */ = {isa = PBXFileReference; fileEncoding = 4; lastKnownFileType = sourcecode.swift; path = breweryList.swift; sourceTree = "<group>"; };
/* End PBXFileReference section */

/* Begin PBXFrameworksBuildPhase section */
		15466C5F1C47294700CDABA2 /* Frameworks */ = {
			isa = PBXFrameworksBuildPhase;
			buildActionMask = 2147483647;
			files = (
				1567AE1F1C5D204D00F27297 /* libsqlite3.tbd in Frameworks */,
				1567AE1D1C5D203A00F27297 /* libz.tbd in Frameworks */,
				1567AE1B1C5D202A00F27297 /* SystemConfiguration.framework in Frameworks */,
				1567AE191C5D201B00F27297 /* StoreKit.framework in Frameworks */,
				1567AE171C5D201200F27297 /* Security.framework in Frameworks */,
				1567AE151C5D1FF300F27297 /* QuartzCore.framework in Frameworks */,
				1567AE131C5D1FE800F27297 /* CoreLocation.framework in Frameworks */,
				1567AE111C5D1FE000F27297 /* CoreGraphics.framework in Frameworks */,
				1567AE0F1C5D1FC200F27297 /* CFNetwork.framework in Frameworks */,
				1567AE0D1C5D1FB400F27297 /* AudioToolbox.framework in Frameworks */,
				1567AE0B1C5D1F3500F27297 /* ParseUI.framework in Frameworks */,
				1567AE0A1C5D1F3500F27297 /* Parse.framework in Frameworks */,
				1567AE091C5D1F3500F27297 /* Bolts.framework in Frameworks */,
			);
			runOnlyForDeploymentPostprocessing = 0;
		};
/* End PBXFrameworksBuildPhase section */

/* Begin PBXGroup section */
		15466C591C47294700CDABA2 = {
			isa = PBXGroup;
			children = (
				1567AE051C5D1F0A00F27297 /* Frameworks */,
				15466C641C47294700CDABA2 /* Beer Club */,
				15466C631C47294700CDABA2 /* Products */,
			);
			sourceTree = "<group>";
		};
		15466C631C47294700CDABA2 /* Products */ = {
			isa = PBXGroup;
			children = (
				15466C621C47294700CDABA2 /* Beer Club.app */,
			);
			name = Products;
			sourceTree = "<group>";
		};
		15466C641C47294700CDABA2 /* Beer Club */ = {
			isa = PBXGroup;
			children = (
				15466C651C47294700CDABA2 /* AppDelegate.swift */,
				15466C671C47294700CDABA2 /* MasterBreweryViewController.swift */,
				1596A2411C505A800028DBA4 /* brewery.swift */,
				1596A2431C505B130028DBA4 /* breweryList.swift */,
				15466C771C4732CA00CDABA2 /* DetailedBreweryViewController.swift */,
				1567AE201C5D2BD600F27297 /* TableViewController.swift */,
				1567AE221C5D2C2B00F27297 /* AddBeerViewController.swift */,
				1567AE241C5D2C4900F27297 /* BeerDetailViewController.swift */,
				15466C691C47294700CDABA2 /* Main.storyboard */,
				15466C6C1C47294700CDABA2 /* Assets.xcassets */,
				15466C6E1C47294700CDABA2 /* LaunchScreen.storyboard */,
				15466C711C47294700CDABA2 /* Info.plist */,
			);
			path = "Beer Club";
			sourceTree = "<group>";
		};
		1567AE051C5D1F0A00F27297 /* Frameworks */ = {
			isa = PBXGroup;
			children = (
				1567AE1E1C5D204D00F27297 /* libsqlite3.tbd */,
				1567AE1C1C5D203A00F27297 /* libz.tbd */,
				1567AE1A1C5D202A00F27297 /* SystemConfiguration.framework */,
				1567AE181C5D201B00F27297 /* StoreKit.framework */,
				1567AE161C5D201200F27297 /* Security.framework */,
				1567AE141C5D1FF300F27297 /* QuartzCore.framework */,
				1567AE121C5D1FE800F27297 /* CoreLocation.framework */,
				1567AE101C5D1FE000F27297 /* CoreGraphics.framework */,
				1567AE0E1C5D1FC200F27297 /* CFNetwork.framework */,
				1567AE0C1C5D1FB400F27297 /* AudioToolbox.framework */,
				1567AE061C5D1F3400F27297 /* Bolts.framework */,
				1567AE071C5D1F3500F27297 /* Parse.framework */,
				1567AE081C5D1F3500F27297 /* ParseUI.framework */,
			);
			name = Frameworks;
			sourceTree = "<group>";
		};
/* End PBXGroup section */

/* Begin PBXNativeTarget section */
		15466C611C47294700CDABA2 /* Beer Club */ = {
			isa = PBXNativeTarget;
			buildConfigurationList = 15466C741C47294700CDABA2 /* Build configuration list for PBXNativeTarget "Beer Club" */;
			buildPhases = (
				15466C5E1C47294700CDABA2 /* Sources */,
				15466C5F1C47294700CDABA2 /* Frameworks */,
				15466C601C47294700CDABA2 /* Resources */,
			);
			buildRules = (
			);
			dependencies = (
			);
			name = "Beer Club";
			productName = "Beer Club";
			productReference = 15466C621C47294700CDABA2 /* Beer Club.app */;
			productType = "com.apple.product-type.application";
		};
/* End PBXNativeTarget section */

/* Begin PBXProject section */
		15466C5A1C47294700CDABA2 /* Project object */ = {
			isa = PBXProject;
			attributes = {
				LastSwiftUpdateCheck = 0720;
				LastUpgradeCheck = 0720;
				ORGANIZATIONNAME = "Randall Mardus";
				TargetAttributes = {
					15466C611C47294700CDABA2 = {
						CreatedOnToolsVersion = 7.2;
						DevelopmentTeam = RM6ZR7R645;
					};
				};
			};
			buildConfigurationList = 15466C5D1C47294700CDABA2 /* Build configuration list for PBXProject "beerClub" */;
			compatibilityVersion = "Xcode 3.2";
			developmentRegion = English;
			hasScannedForEncodings = 0;
			knownRegions = (
				en,
				Base,
			);
			mainGroup = 15466C591C47294700CDABA2;
			productRefGroup = 15466C631C47294700CDABA2 /* Products */;
			projectDirPath = "";
			projectRoot = "";
			targets = (
				15466C611C47294700CDABA2 /* Beer Club */,
			);
		};
/* End PBXProject section */

/* Begin PBXResourcesBuildPhase section */
		15466C601C47294700CDABA2 /* Resources */ = {
			isa = PBXResourcesBuildPhase;
			buildActionMask = 2147483647;
			files = (
				15466C701C47294700CDABA2 /* LaunchScreen.storyboard in Resources */,
				15466C6D1C47294700CDABA2 /* Assets.xcassets in Resources */,
				15466C6B1C47294700CDABA2 /* Main.storyboard in Resources */,
			);
			runOnlyForDeploymentPostprocessing = 0;
		};
/* End PBXResourcesBuildPhase section */

/* Begin PBXSourcesBuildPhase section */
		15466C5E1C47294700CDABA2 /* Sources */ = {
			isa = PBXSourcesBuildPhase;
			buildActionMask = 2147483647;
			files = (
				1596A2441C505B130028DBA4 /* breweryList.swift in Sources */,
				1567AE251C5D2C4900F27297 /* BeerDetailViewController.swift in Sources */,
				1567AE211C5D2BD600F27297 /* TableViewController.swift in Sources */,
				1596A2421C505A800028DBA4 /* brewery.swift in Sources */,
				15466C781C4732CA00CDABA2 /* DetailedBreweryViewController.swift in Sources */,
				15466C681C47294700CDABA2 /* MasterBreweryViewController.swift in Sources */,
				15466C661C47294700CDABA2 /* AppDelegate.swift in Sources */,
				1567AE231C5D2C2B00F27297 /* AddBeerViewController.swift in Sources */,
			);
			runOnlyForDeploymentPostprocessing = 0;
		};
/* End PBXSourcesBuildPhase section */

/* Begin PBXVariantGroup section */
		15466C691C47294700CDABA2 /* Main.storyboard */ = {
			isa = PBXVariantGroup;
			children = (
				15466C6A1C47294700CDABA2 /* Base */,
			);
			name = Main.storyboard;
			sourceTree = "<group>";
		};
		15466C6E1C47294700CDABA2 /* LaunchScreen.storyboard */ = {
			isa = PBXVariantGroup;
			children = (
				15466C6F1C47294700CDABA2 /* Base */,
			);
			name = LaunchScreen.storyboard;
			sourceTree = "<group>";
		};
/* End PBXVariantGroup section */

/* Begin XCBuildConfiguration section */
		15466C721C47294700CDABA2 /* Debug */ = {
			isa = XCBuildConfiguration;
			buildSettings = {
				ALWAYS_SEARCH_USER_PATHS = NO;
				CLANG_CXX_LANGUAGE_STANDARD = "gnu++0x";
				CLANG_CXX_LIBRARY = "libc++";
				CLANG_ENABLE_MODULES = YES;
				CLANG_ENABLE_OBJC_ARC = YES;
				CLANG_WARN_BOOL_CONVERSION = YES;
				CLANG_WARN_CONSTANT_CONVERSION = YES;
				CLANG_WARN_DIRECT_OBJC_ISA_USAGE = YES_ERROR;
				CLANG_WARN_EMPTY_BODY = YES;
				CLANG_WARN_ENUM_CONVERSION = YES;
				CLANG_WARN_INT_CONVERSION = YES;
				CLANG_WARN_OBJC_ROOT_CLASS = YES_ERROR;
				CLANG_WARN_UNREACHABLE_CODE = YES;
				CLANG_WARN__DUPLICATE_METHOD_MATCH = YES;
				"CODE_SIGN_IDENTITY[sdk=iphoneos*]" = "iPhone Developer";
				COPY_PHASE_STRIP = NO;
				DEBUG_INFORMATION_FORMAT = dwarf;
				ENABLE_STRICT_OBJC_MSGSEND = YES;
				ENABLE_TESTABILITY = YES;
				GCC_C_LANGUAGE_STANDARD = gnu99;
				GCC_DYNAMIC_NO_PIC = NO;
				GCC_NO_COMMON_BLOCKS = YES;
				GCC_OPTIMIZATION_LEVEL = 0;
				GCC_PREPROCESSOR_DEFINITIONS = (
					"DEBUG=1",
					"$(inherited)",
				);
				GCC_WARN_64_TO_32_BIT_CONVERSION = YES;
				GCC_WARN_ABOUT_RETURN_TYPE = YES_ERROR;
				GCC_WARN_UNDECLARED_SELECTOR = YES;
				GCC_WARN_UNINITIALIZED_AUTOS = YES_AGGRESSIVE;
				GCC_WARN_UNUSED_FUNCTION = YES;
				GCC_WARN_UNUSED_VARIABLE = YES;
				IPHONEOS_DEPLOYMENT_TARGET = 9.2;
				MTL_ENABLE_DEBUG_INFO = YES;
				ONLY_ACTIVE_ARCH = YES;
				SDKROOT = iphoneos;
				SWIFT_OPTIMIZATION_LEVEL = "-Onone";
				TARGETED_DEVICE_FAMILY = "1,2";
			};
			name = Debug;
		};
		15466C731C47294700CDABA2 /* Release */ = {
			isa = XCBuildConfiguration;
			buildSettings = {
				ALWAYS_SEARCH_USER_PATHS = NO;
				CLANG_CXX_LANGUAGE_STANDARD = "gnu++0x";
				CLANG_CXX_LIBRARY = "libc++";
				CLANG_ENABLE_MODULES = YES;
				CLANG_ENABLE_OBJC_ARC = YES;
				CLANG_WARN_BOOL_CONVERSION = YES;
				CLANG_WARN_CONSTANT_CONVERSION = YES;
				CLANG_WARN_DIRECT_OBJC_ISA_USAGE = YES_ERROR;
				CLANG_WARN_EMPTY_BODY = YES;
				CLANG_WARN_ENUM_CONVERSION = YES;
				CLANG_WARN_INT_CONVERSION = YES;
				CLANG_WARN_OBJC_ROOT_CLASS = YES_ERROR;
				CLANG_WARN_UNREACHABLE_CODE = YES;
				CLANG_WARN__DUPLICATE_METHOD_MATCH = YES;
				"CODE_SIGN_IDENTITY[sdk=iphoneos*]" = "iPhone Developer";
				COPY_PHASE_STRIP = NO;
				DEBUG_INFORMATION_FORMAT = "dwarf-with-dsym";
				ENABLE_NS_ASSERTIONS = NO;
				ENABLE_STRICT_OBJC_MSGSEND = YES;
				GCC_C_LANGUAGE_STANDARD = gnu99;
				GCC_NO_COMMON_BLOCKS = YES;
				GCC_WARN_64_TO_32_BIT_CONVERSION = YES;
				GCC_WARN_ABOUT_RETURN_TYPE = YES_ERROR;
				GCC_WARN_UNDECLARED_SELECTOR = YES;
				GCC_WARN_UNINITIALIZED_AUTOS = YES_AGGRESSIVE;
				GCC_WARN_UNUSED_FUNCTION = YES;
				GCC_WARN_UNUSED_VARIABLE = YES;
				IPHONEOS_DEPLOYMENT_TARGET = 9.2;
				MTL_ENABLE_DEBUG_INFO = NO;
				SDKROOT = iphoneos;
				TARGETED_DEVICE_FAMILY = "1,2";
				VALIDATE_PRODUCT = YES;
			};
			name = Release;
		};
		15466C751C47294700CDABA2 /* Debug */ = {
			isa = XCBuildConfiguration;
			buildSettings = {
				ASSETCATALOG_COMPILER_APPICON_NAME = AppIcon;
				CODE_SIGN_IDENTITY = "iPhone Developer";
				"CODE_SIGN_IDENTITY[sdk=iphoneos*]" = "iPhone Developer";
				FRAMEWORK_SEARCH_PATHS = (
					"$(inherited)",
					"$(PROJECT_DIR)/parse-library-1.12.0",
				);
				INFOPLIST_FILE = "Beer Club/Info.plist";
				LD_RUNPATH_SEARCH_PATHS = "$(inherited) @executable_path/Frameworks";
				PRODUCT_BUNDLE_IDENTIFIER = "self.edu.Beer-Club";
				PRODUCT_NAME = "$(TARGET_NAME)";
				PROVISIONING_PROFILE = "";
			};
			name = Debug;
		};
		15466C761C47294700CDABA2 /* Release */ = {
			isa = XCBuildConfiguration;
			buildSettings = {
				ASSETCATALOG_COMPILER_APPICON_NAME = AppIcon;
				CODE_SIGN_IDENTITY = "iPhone Developer";
				"CODE_SIGN_IDENTITY[sdk=iphoneos*]" = "iPhone Developer";
				FRAMEWORK_SEARCH_PATHS = (
					"$(inherited)",
					"$(PROJECT_DIR)/parse-library-1.12.0",
				);
				INFOPLIST_FILE = "Beer Club/Info.plist";
				LD_RUNPATH_SEARCH_PATHS = "$(inherited) @executable_path/Frameworks";
				PRODUCT_BUNDLE_IDENTIFIER = "self.edu.Beer-Club";
				PRODUCT_NAME = "$(TARGET_NAME)";
				PROVISIONING_PROFILE = "";
			};
			name = Release;
		};
/* End XCBuildConfiguration section */

/* Begin XCConfigurationList section */
		15466C5D1C47294700CDABA2 /* Build configuration list for PBXProject "beerClub" */ = {
			isa = XCConfigurationList;
			buildConfigurations = (
				15466C721C47294700CDABA2 /* Debug */,
				15466C731C47294700CDABA2 /* Release */,
			);
			defaultConfigurationIsVisible = 0;
			defaultConfigurationName = Release;
		};
		15466C741C47294700CDABA2 /* Build configuration list for PBXNativeTarget "Beer Club" */ = {
			isa = XCConfigurationList;
			buildConfigurations = (
				15466C751C47294700CDABA2 /* Debug */,
				15466C761C47294700CDABA2 /* Release */,
			);
			defaultConfigurationIsVisible = 0;
			defaultConfigurationName = Release;
		};
/* End XCConfigurationList section */
	};
	rootObject = 15466C5A1C47294700CDABA2 /* Project object */;
}
